PODS:
  - Capacitor (7.5.0):
    - CapacitorCordova
  - CapacitorCordova (7.5.0)

DEPENDENCIES:
  - "Capacitor (from `../../node_modules/@capacitor/ios`)"
  - "CapacitorCordova (from `../../node_modules/@capacitor/ios`)"

EXTERNAL SOURCES:
  Capacitor:
    :path: "../../node_modules/@capacitor/ios"
  CapacitorCordova:
    :path: "../../node_modules/@capacitor/ios"

SPEC CHECKSUMS:
  Capacitor: 0a78ec6b54580fa055c11744a4e83cd7942d98ca
  CapacitorCordova: ae35646a9b46cfd00d637f195509c86594026aad

PODFILE CHECKSUM: 84ee8333eaf3c4f44013bcb5a170b64f5f06576b

COCOAPODS: 1.16.2
